
Microsoft Visual Studio Solution File, Format Version 12.00
# Visual Studio Version 16
VisualStudioVersion = 16.0.29102.190
MinimumVisualStudioVersion = 10.0.40219.1
Project("{9A19103F-16F7-4668-BE54-9A1E7A4F7556}") = "NPO-Client", "NPO-Client\NPO-Client.csproj", "{FFFEBF6F-EF9D-4120-9C09-4DAEAE438DBD}"
EndProject
Project("{E53339B2-1760-4266-BCC7-CA923CBCF16C}") = "docker-compose", "docker-compose.dcproj", "{5446B88E-4C5E-4CE5-86AB-9950F3EDEEA6}"
EndProject
Global
	GlobalSection(SolutionConfigurationPlatforms) = preSolution
		Debug|Any CPU = Debug|Any CPU
		Release|Any CPU = Release|Any CPU
	EndGlobalSection
	GlobalSection(ProjectConfigurationPlatforms) = postSolution
		{FFFEBF6F-EF9D-4120-9C09-4DAEAE438DBD}.Debug|Any CPU.ActiveCfg = Debug|Any CPU
		{FFFEBF6F-EF9D-4120-9C09-4DAEAE438DBD}.Debug|Any CPU.Build.0 = Debug|Any CPU
		{FFFEBF6F-EF9D-4120-9C09-4DAEAE438DBD}.Release|Any CPU.ActiveCfg = Release|Any CPU
		{FFFEBF6F-EF9D-4120-9C09-4DAEAE438DBD}.Release|Any CPU.Build.0 = Release|Any CPU
		{5446B88E-4C5E-4CE5-86AB-9950F3EDEEA6}.Debug|Any CPU.ActiveCfg = Debug|Any CPU
		{5446B88E-4C5E-4CE5-86AB-9950F3EDEEA6}.Debug|Any CPU.Build.0 = Debug|Any CPU
		{5446B88E-4C5E-4CE5-86AB-9950F3EDEEA6}.Release|Any CPU.ActiveCfg = Release|Any CPU
		{5446B88E-4C5E-4CE5-86AB-9950F3EDEEA6}.Release|Any CPU.Build.0 = Release|Any CPU
	EndGlobalSection
	GlobalSection(SolutionProperties) = preSolution
		HideSolutionNode = FALSE
	EndGlobalSection
	GlobalSection(ExtensibilityGlobals) = postSolution
		SolutionGuid = {A302BB2B-4D37-400C-8222-33E5388BAF9B}
	EndGlobalSection
EndGlobal
